
Microsoft Visual Studio Solution File, Format Version 12.00
# Visual Studio Version 17
VisualStudioVersion = 17.11.35327.3
MinimumVisualStudioVersion = 10.0.40219.1
Project("{FAE04EC0-301F-11D3-BF4B-00C04F79EFBC}") = "SatkomStreamService", "SatkomStreamService.csproj", "{D5601F68-D33C-4F14-B169-A935D0CBE477}"
EndProject
Global
	GlobalSection(SolutionConfigurationPlatforms) = preSolution
		Debug|Any CPU = Debug|Any CPU
		Release|Any CPU = Release|Any CPU
	EndGlobalSection
	GlobalSection(ProjectConfigurationPlatforms) = postSolution
		{D5601F68-D33C-4F14-B169-A935D0CBE477}.Debug|Any CPU.ActiveCfg = Debug|Any CPU
		{D5601F68-D33C-4F14-B169-A935D0CBE477}.Debug|Any CPU.Build.0 = Debug|Any CPU
		{D5601F68-D33C-4F14-B169-A935D0CBE477}.Release|Any CPU.ActiveCfg = Release|Any CPU
		{D5601F68-D33C-4F14-B169-A935D0CBE477}.Release|Any CPU.Build.0 = Release|Any CPU
	EndGlobalSection
	GlobalSection(SolutionProperties) = preSolution
		HideSolutionNode = FALSE
	EndGlobalSection
	GlobalSection(ExtensibilityGlobals) = postSolution
		SolutionGuid = {5A90362B-3C1F-4F47-8EEB-CFC98000B36F}
	EndGlobalSection
EndGlobal
